// !$*UTF8*$!
{
	archiveVersion = 1;
	classes = {
	};
	objectVersion = 48;
	objects = {

/* Begin PBXBuildFile section */
		8D845F5521B6B7A200FA8339 /* AppDelegate.swift in Sources */ = {isa = PBXBuildFile; fileRef = 8D845F5421B6B7A200FA8339 /* AppDelegate.swift */; };
		8D845F5721B6B7A200FA8339 /* ViewController.swift in Sources */ = {isa = PBXBuildFile; fileRef = 8D845F5621B6B7A200FA8339 /* ViewController.swift */; };
		8D845F5A21B6B7A200FA8339 /* Main.storyboard in Resources */ = {isa = PBXBuildFile; fileRef = 8D845F5821B6B7A200FA8339 /* Main.storyboard */; };
		8D845F5C21B6B7A200FA8339 /* Assets.xcassets in Resources */ = {isa = PBXBuildFile; fileRef = 8D845F5B21B6B7A200FA8339 /* Assets.xcassets */; };
		8D845F5F21B6B7A200FA8339 /* LaunchScreen.storyboard in Resources */ = {isa = PBXBuildFile; fileRef = 8D845F5D21B6B7A200FA8339 /* LaunchScreen.storyboard */; };
		8D845F6721B6B84E00FA8339 /* LoginViewController.swift in Sources */ = {isa = PBXBuildFile; fileRef = 8D845F6621B6B84E00FA8339 /* LoginViewController.swift */; };
		8D845F6921B6B89900FA8339 /* HomeViewController.swift in Sources */ = {isa = PBXBuildFile; fileRef = 8D845F6821B6B89900FA8339 /* HomeViewController.swift */; };
		8D845F6B21B6B8B800FA8339 /* ImageSelectViewController.swift in Sources */ = {isa = PBXBuildFile; fileRef = 8D845F6A21B6B8B800FA8339 /* ImageSelectViewController.swift */; };
		8D845F6D21B6B8C800FA8339 /* PostViewController.swift in Sources */ = {isa = PBXBuildFile; fileRef = 8D845F6C21B6B8C800FA8339 /* PostViewController.swift */; };
		8D845F6F21B6B8DA00FA8339 /* SettingViewController.swift in Sources */ = {isa = PBXBuildFile; fileRef = 8D845F6E21B6B8DA00FA8339 /* SettingViewController.swift */; };
		8D8AF7E521B9E47900728F54 /* GoogleService-Info.plist in Resources */ = {isa = PBXBuildFile; fileRef = 8D8AF7E421B9E47900728F54 /* GoogleService-Info.plist */; };
		8D9344F721D2502500702AFC /* CommentData.swift in Sources */ = {isa = PBXBuildFile; fileRef = 8D9344F621D2502400702AFC /* CommentData.swift */; };
		8DB0A66621C3D00F0080EC6A /* PostData.swift in Sources */ = {isa = PBXBuildFile; fileRef = 8DB0A66521C3D00F0080EC6A /* PostData.swift */; };
		8DB0A66821C6451F0080EC6A /* CommentViewController.swift in Sources */ = {isa = PBXBuildFile; fileRef = 8DB0A66721C6451F0080EC6A /* CommentViewController.swift */; };
		8DB0A66F21C64E890080EC6A /* CommentTableViewCell.swift in Sources */ = {isa = PBXBuildFile; fileRef = 8DB0A66D21C64E890080EC6A /* CommentTableViewCell.swift */; };
		8DB0A67021C64E890080EC6A /* CommentViewCell.xib in Resources */ = {isa = PBXBuildFile; fileRef = 8DB0A66E21C64E890080EC6A /* CommentViewCell.xib */; };
		8DEE95B921BFEEA80017E9DE /* Const.swift in Sources */ = {isa = PBXBuildFile; fileRef = 8DEE95B821BFEEA80017E9DE /* Const.swift */; };
		8DEE95BC21BFFAB50017E9DE /* PostTableViewCell.swift in Sources */ = {isa = PBXBuildFile; fileRef = 8DEE95BA21BFFAB50017E9DE /* PostTableViewCell.swift */; };
		8DEE95BD21BFFAB50017E9DE /* PostTableViewCell.xib in Resources */ = {isa = PBXBuildFile; fileRef = 8DEE95BB21BFFAB50017E9DE /* PostTableViewCell.xib */; };
		B44FD439E1FB741B35FBD560 /* Pods_Instagram.framework in Frameworks */ = {isa = PBXBuildFile; fileRef = 481619B5E75160760587D7BC /* Pods_Instagram.framework */; };
/* End PBXBuildFile section */

/* Begin PBXFileReference section */
		481619B5E75160760587D7BC /* Pods_Instagram.framework */ = {isa = PBXFileReference; explicitFileType = wrapper.framework; includeInIndex = 0; path = Pods_Instagram.framework; sourceTree = BUILT_PRODUCTS_DIR; };
		8B9645B70E42EAEFF09ED2D1 /* Pods-Instagram.debug.xcconfig */ = {isa = PBXFileReference; includeInIndex = 1; lastKnownFileType = text.xcconfig; name = "Pods-Instagram.debug.xcconfig"; path = "Pods/Target Support Files/Pods-Instagram/Pods-Instagram.debug.xcconfig"; sourceTree = "<group>"; };
		8D845F5121B6B7A200FA8339 /* Instagram.app */ = {isa = PBXFileReference; explicitFileType = wrapper.application; includeInIndex = 0; path = Instagram.app; sourceTree = BUILT_PRODUCTS_DIR; };
		8D845F5421B6B7A200FA8339 /* AppDelegate.swift */ = {isa = PBXFileReference; lastKnownFileType = sourcecode.swift; path = AppDelegate.swift; sourceTree = "<group>"; };
		8D845F5621B6B7A200FA8339 /* ViewController.swift */ = {isa = PBXFileReference; lastKnownFileType = sourcecode.swift; path = ViewController.swift; sourceTree = "<group>"; };
		8D845F5921B6B7A200FA8339 /* Base */ = {isa = PBXFileReference; lastKnownFileType = file.storyboard; name = Base; path = Base.lproj/Main.storyboard; sourceTree = "<group>"; };
		8D845F5B21B6B7A200FA8339 /* Assets.xcassets */ = {isa = PBXFileReference; lastKnownFileType = folder.assetcatalog; path = Assets.xcassets; sourceTree = "<group>"; };
		8D845F5E21B6B7A200FA8339 /* Base */ = {isa = PBXFileReference; lastKnownFileType = file.storyboard; name = Base; path = Base.lproj/LaunchScreen.storyboard; sourceTree = "<group>"; };
		8D845F6021B6B7A200FA8339 /* Info.plist */ = {isa = PBXFileReference; lastKnownFileType = text.plist.xml; path = Info.plist; sourceTree = "<group>"; };
		8D845F6621B6B84E00FA8339 /* LoginViewController.swift */ = {isa = PBXFileReference; lastKnownFileType = sourcecode.swift; path = LoginViewController.swift; sourceTree = "<group>"; };
		8D845F6821B6B89900FA8339 /* HomeViewController.swift */ = {isa = PBXFileReference; lastKnownFileType = sourcecode.swift; path = HomeViewController.swift; sourceTree = "<group>"; };
		8D845F6A21B6B8B800FA8339 /* ImageSelectViewController.swift */ = {isa = PBXFileReference; lastKnownFileType = sourcecode.swift; path = ImageSelectViewController.swift; sourceTree = "<group>"; };
		8D845F6C21B6B8C800FA8339 /* PostViewController.swift */ = {isa = PBXFileReference; lastKnownFileType = sourcecode.swift; path = PostViewController.swift; sourceTree = "<group>"; };
		8D845F6E21B6B8DA00FA8339 /* SettingViewController.swift */ = {isa = PBXFileReference; lastKnownFileType = sourcecode.swift; path = SettingViewController.swift; sourceTree = "<group>"; };
		8D8AF7E421B9E47900728F54 /* GoogleService-Info.plist */ = {isa = PBXFileReference; fileEncoding = 4; lastKnownFileType = text.plist.xml; path = "GoogleService-Info.plist"; sourceTree = "<group>"; };
		8D9344F621D2502400702AFC /* CommentData.swift */ = {isa = PBXFileReference; lastKnownFileType = sourcecode.swift; name = CommentData.swift; path = "/Users/tatsunari/Documents/ドキュメント/12.iOSapp study/project_Instagram/Instagram/CommentScreen/CommentData.swift"; sourceTree = "<absolute>"; };
		8DB0A66521C3D00F0080EC6A /* PostData.swift */ = {isa = PBXFileReference; lastKnownFileType = sourcecode.swift; path = PostData.swift; sourceTree = "<group>"; };
		8DB0A66721C6451F0080EC6A /* CommentViewController.swift */ = {isa = PBXFileReference; lastKnownFileType = sourcecode.swift; path = CommentViewController.swift; sourceTree = "<group>"; };
		8DB0A66D21C64E890080EC6A /* CommentTableViewCell.swift */ = {isa = PBXFileReference; lastKnownFileType = sourcecode.swift; path = CommentTableViewCell.swift; sourceTree = "<group>"; };
		8DB0A66E21C64E890080EC6A /* CommentViewCell.xib */ = {isa = PBXFileReference; lastKnownFileType = file.xib; path = CommentViewCell.xib; sourceTree = "<group>"; };
		8DEE95B821BFEEA80017E9DE /* Const.swift */ = {isa = PBXFileReference; lastKnownFileType = sourcecode.swift; path = Const.swift; sourceTree = "<group>"; };
		8DEE95BA21BFFAB50017E9DE /* PostTableViewCell.swift */ = {isa = PBXFileReference; lastKnownFileType = sourcecode.swift; path = PostTableViewCell.swift; sourceTree = "<group>"; };
		8DEE95BB21BFFAB50017E9DE /* PostTableViewCell.xib */ = {isa = PBXFileReference; lastKnownFileType = file.xib; path = PostTableViewCell.xib; sourceTree = "<group>"; };
		8DF3E6438882CA0867CF8E95 /* Pods-Instagram.release.xcconfig */ = {isa = PBXFileReference; includeInIndex = 1; lastKnownFileType = text.xcconfig; name = "Pods-Instagram.release.xcconfig"; path = "Pods/Target Support Files/Pods-Instagram/Pods-Instagram.release.xcconfig"; sourceTree = "<group>"; };
/* End PBXFileReference section */

/* Begin PBXFrameworksBuildPhase section */
		8D845F4E21B6B7A200FA8339 /* Frameworks */ = {
			isa = PBXFrameworksBuildPhase;
			buildActionMask = 2147483647;
			files = (
				B44FD439E1FB741B35FBD560 /* Pods_Instagram.framework in Frameworks */,
			);
			runOnlyForDeploymentPostprocessing = 0;
		};
/* End PBXFrameworksBuildPhase section */

/* Begin PBXGroup section */
		7E73421D35F97A5A937FA3EC /* Frameworks */ = {
			isa = PBXGroup;
			children = (
				481619B5E75160760587D7BC /* Pods_Instagram.framework */,
			);
			name = Frameworks;
			sourceTree = "<group>";
		};
		8D845F4821B6B7A200FA8339 = {
			isa = PBXGroup;
			children = (
				8D845F5321B6B7A200FA8339 /* Instagram */,
				8D845F5221B6B7A200FA8339 /* Products */,
				FCDDA92A023EB94063571828 /* Pods */,
				7E73421D35F97A5A937FA3EC /* Frameworks */,
			);
			sourceTree = "<group>";
		};
		8D845F5221B6B7A200FA8339 /* Products */ = {
			isa = PBXGroup;
			children = (
				8D845F5121B6B7A200FA8339 /* Instagram.app */,
			);
			name = Products;
			sourceTree = "<group>";
		};
		8D845F5321B6B7A200FA8339 /* Instagram */ = {
			isa = PBXGroup;
			children = (
				8D845F5421B6B7A200FA8339 /* AppDelegate.swift */,
				8DB0A67121C64EAE0080EC6A /* CommentScreen */,
				8D845F5621B6B7A200FA8339 /* ViewController.swift */,
				8D845F6821B6B89900FA8339 /* HomeViewController.swift */,
				8D845F6621B6B84E00FA8339 /* LoginViewController.swift */,
				8D845F5821B6B7A200FA8339 /* Main.storyboard */,
				8D845F6E21B6B8DA00FA8339 /* SettingViewController.swift */,
				8D845F6C21B6B8C800FA8339 /* PostViewController.swift */,
				8D845F6A21B6B8B800FA8339 /* ImageSelectViewController.swift */,
				8DEE95B821BFEEA80017E9DE /* Const.swift */,
				8D845F5B21B6B7A200FA8339 /* Assets.xcassets */,
				8D845F5D21B6B7A200FA8339 /* LaunchScreen.storyboard */,
				8D845F6021B6B7A200FA8339 /* Info.plist */,
				8D8AF7E421B9E47900728F54 /* GoogleService-Info.plist */,
				8DB0A66521C3D00F0080EC6A /* PostData.swift */,
				8DEE95BA21BFFAB50017E9DE /* PostTableViewCell.swift */,
				8DEE95BB21BFFAB50017E9DE /* PostTableViewCell.xib */,
			);
			path = Instagram;
			sourceTree = "<group>";
		};
		8DB0A67121C64EAE0080EC6A /* CommentScreen */ = {
			isa = PBXGroup;
			children = (
				8D9344F621D2502400702AFC /* CommentData.swift */,
				8DB0A66721C6451F0080EC6A /* CommentViewController.swift */,
				8DB0A66D21C64E890080EC6A /* CommentTableViewCell.swift */,
				8DB0A66E21C64E890080EC6A /* CommentViewCell.xib */,
			);
			path = CommentScreen;
			sourceTree = "<group>";
		};
		FCDDA92A023EB94063571828 /* Pods */ = {
			isa = PBXGroup;
			children = (
				8B9645B70E42EAEFF09ED2D1 /* Pods-Instagram.debug.xcconfig */,
				8DF3E6438882CA0867CF8E95 /* Pods-Instagram.release.xcconfig */,
			);
			name = Pods;
			sourceTree = "<group>";
		};
/* End PBXGroup section */

/* Begin PBXNativeTarget section */
		8D845F5021B6B7A200FA8339 /* Instagram */ = {
			isa = PBXNativeTarget;
			buildConfigurationList = 8D845F6321B6B7A200FA8339 /* Build configuration list for PBXNativeTarget "Instagram" */;
			buildPhases = (
				566ADA952DD17549506AEC95 /* [CP] Check Pods Manifest.lock */,
				8D845F4D21B6B7A200FA8339 /* Sources */,
				8D845F4E21B6B7A200FA8339 /* Frameworks */,
				8D845F4F21B6B7A200FA8339 /* Resources */,
				4163986A4674423772F003B3 /* [CP] Embed Pods Frameworks */,
			);
			buildRules = (
			);
			dependencies = (
			);
			name = Instagram;
			productName = Instagram;
			productReference = 8D845F5121B6B7A200FA8339 /* Instagram.app */;
			productType = "com.apple.product-type.application";
		};
/* End PBXNativeTarget section */

/* Begin PBXProject section */
		8D845F4921B6B7A200FA8339 /* Project object */ = {
			isa = PBXProject;
			attributes = {
				LastSwiftUpdateCheck = 0920;
				LastUpgradeCheck = 0920;
				ORGANIZATIONNAME = "tatsunari-k";
				TargetAttributes = {
					8D845F5021B6B7A200FA8339 = {
						CreatedOnToolsVersion = 9.2;
						ProvisioningStyle = Automatic;
					};
				};
			};
			buildConfigurationList = 8D845F4C21B6B7A200FA8339 /* Build configuration list for PBXProject "Instagram" */;
			compatibilityVersion = "Xcode 8.0";
			developmentRegion = en;
			hasScannedForEncodings = 0;
			knownRegions = (
				en,
				Base,
			);
			mainGroup = 8D845F4821B6B7A200FA8339;
			productRefGroup = 8D845F5221B6B7A200FA8339 /* Products */;
			projectDirPath = "";
			projectRoot = "";
			targets = (
				8D845F5021B6B7A200FA8339 /* Instagram */,
			);
		};
/* End PBXProject section */

/* Begin PBXResourcesBuildPhase section */
		8D845F4F21B6B7A200FA8339 /* Resources */ = {
			isa = PBXResourcesBuildPhase;
			buildActionMask = 2147483647;
			files = (
				8D845F5F21B6B7A200FA8339 /* LaunchScreen.storyboard in Resources */,
				8DEE95BD21BFFAB50017E9DE /* PostTableViewCell.xib in Resources */,
				8DB0A67021C64E890080EC6A /* CommentViewCell.xib in Resources */,
				8D8AF7E521B9E47900728F54 /* GoogleService-Info.plist in Resources */,
				8D845F5C21B6B7A200FA8339 /* Assets.xcassets in Resources */,
				8D845F5A21B6B7A200FA8339 /* Main.storyboard in Resources */,
			);
			runOnlyForDeploymentPostprocessing = 0;
		};
/* End PBXResourcesBuildPhase section */

/* Begin PBXShellScriptBuildPhase section */
		4163986A4674423772F003B3 /* [CP] Embed Pods Frameworks */ = {
			isa = PBXShellScriptBuildPhase;
			buildActionMask = 2147483647;
			files = (
			);
			inputPaths = (
				"${SRCROOT}/Pods/Target Support Files/Pods-Instagram/Pods-Instagram-frameworks.sh",
				"${BUILT_PRODUCTS_DIR}/CLImageEditor/CLImageEditor.framework",
				"${BUILT_PRODUCTS_DIR}/ESTabBarController/ESTabBarController.framework",
				"${BUILT_PRODUCTS_DIR}/GTMSessionFetcher/GTMSessionFetcher.framework",
				"${BUILT_PRODUCTS_DIR}/GoogleToolboxForMac/GoogleToolboxForMac.framework",
				"${BUILT_PRODUCTS_DIR}/SVProgressHUD/SVProgressHUD.framework",
				"${BUILT_PRODUCTS_DIR}/leveldb-library/leveldb.framework",
				"${BUILT_PRODUCTS_DIR}/nanopb/nanopb.framework",
			);
			name = "[CP] Embed Pods Frameworks";
			outputPaths = (
				"${TARGET_BUILD_DIR}/${FRAMEWORKS_FOLDER_PATH}/CLImageEditor.framework",
				"${TARGET_BUILD_DIR}/${FRAMEWORKS_FOLDER_PATH}/ESTabBarController.framework",
				"${TARGET_BUILD_DIR}/${FRAMEWORKS_FOLDER_PATH}/GTMSessionFetcher.framework",
				"${TARGET_BUILD_DIR}/${FRAMEWORKS_FOLDER_PATH}/GoogleToolboxForMac.framework",
				"${TARGET_BUILD_DIR}/${FRAMEWORKS_FOLDER_PATH}/SVProgressHUD.framework",
				"${TARGET_BUILD_DIR}/${FRAMEWORKS_FOLDER_PATH}/leveldb.framework",
				"${TARGET_BUILD_DIR}/${FRAMEWORKS_FOLDER_PATH}/nanopb.framework",
			);
			runOnlyForDeploymentPostprocessing = 0;
			shellPath = /bin/sh;
			shellScript = "\"${SRCROOT}/Pods/Target Support Files/Pods-Instagram/Pods-Instagram-frameworks.sh\"\n";
			showEnvVarsInLog = 0;
		};
		566ADA952DD17549506AEC95 /* [CP] Check Pods Manifest.lock */ = {
			isa = PBXShellScriptBuildPhase;
			buildActionMask = 2147483647;
			files = (
			);
			inputPaths = (
				"${PODS_PODFILE_DIR_PATH}/Podfile.lock",
				"${PODS_ROOT}/Manifest.lock",
			);
			name = "[CP] Check Pods Manifest.lock";
			outputPaths = (
				"$(DERIVED_FILE_DIR)/Pods-Instagram-checkManifestLockResult.txt",
			);
			runOnlyForDeploymentPostprocessing = 0;
			shellPath = /bin/sh;
			shellScript = "diff \"${PODS_PODFILE_DIR_PATH}/Podfile.lock\" \"${PODS_ROOT}/Manifest.lock\" > /dev/null\nif [ $? != 0 ] ; then\n    # print error to STDERR\n    echo \"error: The sandbox is not in sync with the Podfile.lock. Run 'pod install' or update your CocoaPods installation.\" >&2\n    exit 1\nfi\n# This output is used by Xcode 'outputs' to avoid re-running this script phase.\necho \"SUCCESS\" > \"${SCRIPT_OUTPUT_FILE_0}\"\n";
			showEnvVarsInLog = 0;
		};
/* End PBXShellScriptBuildPhase section */

/* Begin PBXSourcesBuildPhase section */
		8D845F4D21B6B7A200FA8339 /* Sources */ = {
			isa = PBXSourcesBuildPhase;
			buildActionMask = 2147483647;
			files = (
				8D9344F721D2502500702AFC /* CommentData.swift in Sources */,
				8D845F6D21B6B8C800FA8339 /* PostViewController.swift in Sources */,
				8D845F6721B6B84E00FA8339 /* LoginViewController.swift in Sources */,
				8D845F5721B6B7A200FA8339 /* ViewController.swift in Sources */,
				8D845F5521B6B7A200FA8339 /* AppDelegate.swift in Sources */,
				8D845F6B21B6B8B800FA8339 /* ImageSelectViewController.swift in Sources */,
				8DB0A66621C3D00F0080EC6A /* PostData.swift in Sources */,
				8DB0A66F21C64E890080EC6A /* CommentTableViewCell.swift in Sources */,
				8DEE95B921BFEEA80017E9DE /* Const.swift in Sources */,
				8D845F6F21B6B8DA00FA8339 /* SettingViewController.swift in Sources */,
				8D845F6921B6B89900FA8339 /* HomeViewController.swift in Sources */,
				8DEE95BC21BFFAB50017E9DE /* PostTableViewCell.swift in Sources */,
				8DB0A66821C6451F0080EC6A /* CommentViewController.swift in Sources */,
			);
			runOnlyForDeploymentPostprocessing = 0;
		};
/* End PBXSourcesBuildPhase section */

/* Begin PBXVariantGroup section */
		8D845F5821B6B7A200FA8339 /* Main.storyboard */ = {
			isa = PBXVariantGroup;
			children = (
				8D845F5921B6B7A200FA8339 /* Base */,
			);
			name = Main.storyboard;
			sourceTree = "<group>";
		};
		8D845F5D21B6B7A200FA8339 /* LaunchScreen.storyboard */ = {
			isa = PBXVariantGroup;
			children = (
				8D845F5E21B6B7A200FA8339 /* Base */,
			);
			name = LaunchScreen.storyboard;
			sourceTree = "<group>";
		};
/* End PBXVariantGroup section */

/* Begin XCBuildConfiguration section */
		8D845F6121B6B7A200FA8339 /* Debug */ = {
			isa = XCBuildConfiguration;
			buildSettings = {
				ALWAYS_SEARCH_USER_PATHS = NO;
				CLANG_ANALYZER_NONNULL = YES;
				CLANG_ANALYZER_NUMBER_OBJECT_CONVERSION = YES_AGGRESSIVE;
				CLANG_CXX_LANGUAGE_STANDARD = "gnu++14";
				CLANG_CXX_LIBRARY = "libc++";
				CLANG_ENABLE_MODULES = YES;
				CLANG_ENABLE_OBJC_ARC = YES;
				CLANG_WARN_BLOCK_CAPTURE_AUTORELEASING = YES;
				CLANG_WARN_BOOL_CONVERSION = YES;
				CLANG_WARN_COMMA = YES;
				CLANG_WARN_CONSTANT_CONVERSION = YES;
				CLANG_WARN_DIRECT_OBJC_ISA_USAGE = YES_ERROR;
				CLANG_WARN_DOCUMENTATION_COMMENTS = YES;
				CLANG_WARN_EMPTY_BODY = YES;
				CLANG_WARN_ENUM_CONVERSION = YES;
				CLANG_WARN_INFINITE_RECURSION = YES;
				CLANG_WARN_INT_CONVERSION = YES;
				CLANG_WARN_NON_LITERAL_NULL_CONVERSION = YES;
				CLANG_WARN_OBJC_LITERAL_CONVERSION = YES;
				CLANG_WARN_OBJC_ROOT_CLASS = YES_ERROR;
				CLANG_WARN_RANGE_LOOP_ANALYSIS = YES;
				CLANG_WARN_STRICT_PROTOTYPES = YES;
				CLANG_WARN_SUSPICIOUS_MOVE = YES;
				CLANG_WARN_UNGUARDED_AVAILABILITY = YES_AGGRESSIVE;
				CLANG_WARN_UNREACHABLE_CODE = YES;
				CLANG_WARN__DUPLICATE_METHOD_MATCH = YES;
				CODE_SIGN_IDENTITY = "iPhone Developer";
				COPY_PHASE_STRIP = NO;
				DEBUG_INFORMATION_FORMAT = dwarf;
				ENABLE_STRICT_OBJC_MSGSEND = YES;
				ENABLE_TESTABILITY = YES;
				GCC_C_LANGUAGE_STANDARD = gnu11;
				GCC_DYNAMIC_NO_PIC = NO;
				GCC_NO_COMMON_BLOCKS = YES;
				GCC_OPTIMIZATION_LEVEL = 0;
				GCC_PREPROCESSOR_DEFINITIONS = (
					"DEBUG=1",
					"$(inherited)",
				);
				GCC_WARN_64_TO_32_BIT_CONVERSION = YES;
				GCC_WARN_ABOUT_RETURN_TYPE = YES_ERROR;
				GCC_WARN_UNDECLARED_SELECTOR = YES;
				GCC_WARN_UNINITIALIZED_AUTOS = YES_AGGRESSIVE;
				GCC_WARN_UNUSED_FUNCTION = YES;
				GCC_WARN_UNUSED_VARIABLE = YES;
				IPHONEOS_DEPLOYMENT_TARGET = 11.2;
				MTL_ENABLE_DEBUG_INFO = YES;
				ONLY_ACTIVE_ARCH = YES;
				SDKROOT = iphoneos;
				SWIFT_ACTIVE_COMPILATION_CONDITIONS = DEBUG;
				SWIFT_OPTIMIZATION_LEVEL = "-Onone";
			};
			name = Debug;
		};
		8D845F6221B6B7A200FA8339 /* Release */ = {
			isa = XCBuildConfiguration;
			buildSettings = {
				ALWAYS_SEARCH_USER_PATHS = NO;
				CLANG_ANALYZER_NONNULL = YES;
				CLANG_ANALYZER_NUMBER_OBJECT_CONVERSION = YES_AGGRESSIVE;
				CLANG_CXX_LANGUAGE_STANDARD = "gnu++14";
				CLANG_CXX_LIBRARY = "libc++";
				CLANG_ENABLE_MODULES = YES;
				CLANG_ENABLE_OBJC_ARC = YES;
				CLANG_WARN_BLOCK_CAPTURE_AUTORELEASING = YES;
				CLANG_WARN_BOOL_CONVERSION = YES;
				CLANG_WARN_COMMA = YES;
				CLANG_WARN_CONSTANT_CONVERSION = YES;
				CLANG_WARN_DIRECT_OBJC_ISA_USAGE = YES_ERROR;
				CLANG_WARN_DOCUMENTATION_COMMENTS = YES;
				CLANG_WARN_EMPTY_BODY = YES;
				CLANG_WARN_ENUM_CONVERSION = YES;
				CLANG_WARN_INFINITE_RECURSION = YES;
				CLANG_WARN_INT_CONVERSION = YES;
				CLANG_WARN_NON_LITERAL_NULL_CONVERSION = YES;
				CLANG_WARN_OBJC_LITERAL_CONVERSION = YES;
				CLANG_WARN_OBJC_ROOT_CLASS = YES_ERROR;
				CLANG_WARN_RANGE_LOOP_ANALYSIS = YES;
				CLANG_WARN_STRICT_PROTOTYPES = YES;
				CLANG_WARN_SUSPICIOUS_MOVE = YES;
				CLANG_WARN_UNGUARDED_AVAILABILITY = YES_AGGRESSIVE;
				CLANG_WARN_UNREACHABLE_CODE = YES;
				CLANG_WARN__DUPLICATE_METHOD_MATCH = YES;
				CODE_SIGN_IDENTITY = "iPhone Developer";
				COPY_PHASE_STRIP = NO;
				DEBUG_INFORMATION_FORMAT = "dwarf-with-dsym";
				ENABLE_NS_ASSERTIONS = NO;
				ENABLE_STRICT_OBJC_MSGSEND = YES;
				GCC_C_LANGUAGE_STANDARD = gnu11;
				GCC_NO_COMMON_BLOCKS = YES;
				GCC_WARN_64_TO_32_BIT_CONVERSION = YES;
				GCC_WARN_ABOUT_RETURN_TYPE = YES_ERROR;
				GCC_WARN_UNDECLARED_SELECTOR = YES;
				GCC_WARN_UNINITIALIZED_AUTOS = YES_AGGRESSIVE;
				GCC_WARN_UNUSED_FUNCTION = YES;
				GCC_WARN_UNUSED_VARIABLE = YES;
				IPHONEOS_DEPLOYMENT_TARGET = 11.2;
				MTL_ENABLE_DEBUG_INFO = NO;
				SDKROOT = iphoneos;
				SWIFT_OPTIMIZATION_LEVEL = "-Owholemodule";
				VALIDATE_PRODUCT = YES;
			};
			name = Release;
		};
		8D845F6421B6B7A200FA8339 /* Debug */ = {
			isa = XCBuildConfiguration;
			baseConfigurationReference = 8B9645B70E42EAEFF09ED2D1 /* Pods-Instagram.debug.xcconfig */;
			buildSettings = {
				ASSETCATALOG_COMPILER_APPICON_NAME = AppIcon;
				CODE_SIGN_STYLE = Automatic;
				DEVELOPMENT_TEAM = 64K5AYF87L;
				INFOPLIST_FILE = Instagram/Info.plist;
				LD_RUNPATH_SEARCH_PATHS = "$(inherited) @executable_path/Frameworks";
				PRODUCT_BUNDLE_IDENTIFIER = "jp.techacademy.tatsunari-k.Instagram";
				PRODUCT_NAME = "$(TARGET_NAME)";
				SWIFT_VERSION = 4.0;
				TARGETED_DEVICE_FAMILY = "1,2";
			};
			name = Debug;
		};
		8D845F6521B6B7A200FA8339 /* Release */ = {
			isa = XCBuildConfiguration;
			baseConfigurationReference = 8DF3E6438882CA0867CF8E95 /* Pods-Instagram.release.xcconfig */;
			buildSettings = {
				ASSETCATALOG_COMPILER_APPICON_NAME = AppIcon;
				CODE_SIGN_STYLE = Automatic;
				DEVELOPMENT_TEAM = 64K5AYF87L;
				INFOPLIST_FILE = Instagram/Info.plist;
				LD_RUNPATH_SEARCH_PATHS = "$(inherited) @executable_path/Frameworks";
				PRODUCT_BUNDLE_IDENTIFIER = "jp.techacademy.tatsunari-k.Instagram";
				PRODUCT_NAME = "$(TARGET_NAME)";
				SWIFT_VERSION = 4.0;
				TARGETED_DEVICE_FAMILY = "1,2";
			};
			name = Release;
		};
/* End XCBuildConfiguration section */

/* Begin XCConfigurationList section */
		8D845F4C21B6B7A200FA8339 /* Build configuration list for PBXProject "Instagram" */ = {
			isa = XCConfigurationList;
			buildConfigurations = (
				8D845F6121B6B7A200FA8339 /* Debug */,
				8D845F6221B6B7A200FA8339 /* Release */,
			);
			defaultConfigurationIsVisible = 0;
			defaultConfigurationName = Release;
		};
		8D845F6321B6B7A200FA8339 /* Build configuration list for PBXNativeTarget "Instagram" */ = {
			isa = XCConfigurationList;
			buildConfigurations = (
				8D845F6421B6B7A200FA8339 /* Debug */,
				8D845F6521B6B7A200FA8339 /* Release */,
			);
			defaultConfigurationIsVisible = 0;
			defaultConfigurationName = Release;
		};
/* End XCConfigurationList section */
	};
	rootObject = 8D845F4921B6B7A200FA8339 /* Project object */;
}
